
Microsoft Visual Studio Solution File, Format Version 12.00
# Visual Studio Version 17
VisualStudioVersion = 17.12.35527.113 d17.12
MinimumVisualStudioVersion = 10.0.40219.1
Project("{FAE04EC0-301F-11D3-BF4B-00C04F79EFBC}") = "SenaiMvc", "SenaiMvc.csproj", "{657C1466-E8B4-4C42-B5AA-0AC5484FF78B}"
EndProject
Project("{FAE04EC0-301F-11D3-BF4B-00C04F79EFBC}") = "SenaiMvc.Service", "..\SenaiMvc.Service\SenaiMvc.Service.csproj", "{68EFF42D-7EBF-482E-9742-F2679EC67642}"
EndProject
Global
	GlobalSection(SolutionConfigurationPlatforms) = preSolution
		Debug|Any CPU = Debug|Any CPU
		Release|Any CPU = Release|Any CPU
	EndGlobalSection
	GlobalSection(ProjectConfigurationPlatforms) = postSolution
		{657C1466-E8B4-4C42-B5AA-0AC5484FF78B}.Debug|Any CPU.ActiveCfg = Debug|Any CPU
		{657C1466-E8B4-4C42-B5AA-0AC5484FF78B}.Debug|Any CPU.Build.0 = Debug|Any CPU
		{657C1466-E8B4-4C42-B5AA-0AC5484FF78B}.Release|Any CPU.ActiveCfg = Release|Any CPU
		{657C1466-E8B4-4C42-B5AA-0AC5484FF78B}.Release|Any CPU.Build.0 = Release|Any CPU
		{68EFF42D-7EBF-482E-9742-F2679EC67642}.Debug|Any CPU.ActiveCfg = Debug|Any CPU
		{68EFF42D-7EBF-482E-9742-F2679EC67642}.Debug|Any CPU.Build.0 = Debug|Any CPU
		{68EFF42D-7EBF-482E-9742-F2679EC67642}.Release|Any CPU.ActiveCfg = Release|Any CPU
		{68EFF42D-7EBF-482E-9742-F2679EC67642}.Release|Any CPU.Build.0 = Release|Any CPU
	EndGlobalSection
	GlobalSection(SolutionProperties) = preSolution
		HideSolutionNode = FALSE
	EndGlobalSection
EndGlobal
